
Microsoft Visual Studio Solution File, Format Version 12.00
# Visual Studio Version 17
VisualStudioVersion = 17.11.35312.102
MinimumVisualStudioVersion = 10.0.40219.1
Project("{FAE04EC0-301F-11D3-BF4B-00C04F79EFBC}") = "EcommAPI", "EcommAPI.csproj", "{48A4C75C-1B3F-4E3C-B08D-C5ED2875D6D2}"
EndProject
Global
	GlobalSection(SolutionConfigurationPlatforms) = preSolution
		Debug|Any CPU = Debug|Any CPU
		Release|Any CPU = Release|Any CPU
	EndGlobalSection
	GlobalSection(ProjectConfigurationPlatforms) = postSolution
		{48A4C75C-1B3F-4E3C-B08D-C5ED2875D6D2}.Debug|Any CPU.ActiveCfg = Debug|Any CPU
		{48A4C75C-1B3F-4E3C-B08D-C5ED2875D6D2}.Debug|Any CPU.Build.0 = Debug|Any CPU
		{48A4C75C-1B3F-4E3C-B08D-C5ED2875D6D2}.Release|Any CPU.ActiveCfg = Release|Any CPU
		{48A4C75C-1B3F-4E3C-B08D-C5ED2875D6D2}.Release|Any CPU.Build.0 = Release|Any CPU
	EndGlobalSection
	GlobalSection(SolutionProperties) = preSolution
		HideSolutionNode = FALSE
	EndGlobalSection
	GlobalSection(ExtensibilityGlobals) = postSolution
		SolutionGuid = {DF8DC480-CC68-4129-ABFE-2D43C9F1EDE2}
	EndGlobalSection
EndGlobal
